
Microsoft Visual Studio Solution File, Format Version 12.00
# Visual Studio Version 17
VisualStudioVersion = 17.0.31919.166
MinimumVisualStudioVersion = 10.0.40219.1
Project("{FAE04EC0-301F-11D3-BF4B-00C04F79EFBC}") = "TOGUME", "TOGUME\TOGUME.csproj", "{D1BC2AA6-41F3-4F45-98B5-E2BD6351C22F}"
EndProject
Global
	GlobalSection(SolutionConfigurationPlatforms) = preSolution
		Debug|Any CPU = Debug|Any CPU
		Release|Any CPU = Release|Any CPU
	EndGlobalSection
	GlobalSection(ProjectConfigurationPlatforms) = postSolution
		{D1BC2AA6-41F3-4F45-98B5-E2BD6351C22F}.Debug|Any CPU.ActiveCfg = Debug|Any CPU
		{D1BC2AA6-41F3-4F45-98B5-E2BD6351C22F}.Debug|Any CPU.Build.0 = Debug|Any CPU
		{D1BC2AA6-41F3-4F45-98B5-E2BD6351C22F}.Release|Any CPU.ActiveCfg = Release|Any CPU
		{D1BC2AA6-41F3-4F45-98B5-E2BD6351C22F}.Release|Any CPU.Build.0 = Release|Any CPU
	EndGlobalSection
	GlobalSection(SolutionProperties) = preSolution
		HideSolutionNode = FALSE
	EndGlobalSection
	GlobalSection(ExtensibilityGlobals) = postSolution
		SolutionGuid = {AFBE85A8-3D2B-479D-9A56-02EA8838ACD7}
	EndGlobalSection
EndGlobal
